Microsoft Visual Studio Solution File, Format Version 12.00
# Visual Studio Version 17
VisualStudioVersion = 17.13.36105.23
MinimumVisualStudioVersion = 10.0.40219.1
Project("{FAE04EC0-301F-11D3-BF4B-00C04F79EFBC}") = "Spotify-Manager", "Spotify-Manager\Spotify-Manager.csproj", "{AF06B09B-5685-4B03-85DE-99FE9F497D4B}"
EndProject
Global
	GlobalSection(SolutionConfigurationPlatforms) = preSolution
		Debug|Any CPU = Debug|Any CPU
		Release|Any CPU = Release|Any CPU
	EndGlobalSection
	GlobalSection(ProjectConfigurationPlatforms) = postSolution
		{AF06B09B-5685-4B03-85DE-99FE9F497D4B}.Debug|Any CPU.ActiveCfg = Debug|Any CPU
		{AF06B09B-5685-4B03-85DE-99FE9F497D4B}.Debug|Any CPU.Build.0 = Debug|Any CPU
		{AF06B09B-5685-4B03-85DE-99FE9F497D4B}.Release|Any CPU.ActiveCfg = Release|Any CPU
		{AF06B09B-5685-4B03-85DE-99FE9F497D4B}.Release|Any CPU.Build.0 = Release|Any CPU
	EndGlobalSection
	GlobalSection(SolutionProperties) = preSolution
		HideSolutionNode = FALSE
	EndGlobalSection
	GlobalSection(ExtensibilityGlobals) = postSolution
		SolutionGuid = {9DEC2951-F6A4-42C3-98D7-5306FBDD8699}
	EndGlobalSection
EndGlobal
